
Microsoft Visual Studio Solution File, Format Version 12.00
# Visual Studio Version 17
VisualStudioVersion = 17.5.33502.453
MinimumVisualStudioVersion = 10.0.40219.1
Project("{FAE04EC0-301F-11D3-BF4B-00C04F79EFBC}") = "EFCore6udemyMVC", "EFCore6udemyMVC.csproj", "{AE214D96-DB9E-4479-9B46-6F675EA57AAB}"
EndProject
Global
	GlobalSection(SolutionConfigurationPlatforms) = preSolution
		Debug|Any CPU = Debug|Any CPU
		Release|Any CPU = Release|Any CPU
	EndGlobalSection
	GlobalSection(ProjectConfigurationPlatforms) = postSolution
		{AE214D96-DB9E-4479-9B46-6F675EA57AAB}.Debug|Any CPU.ActiveCfg = Debug|Any CPU
		{AE214D96-DB9E-4479-9B46-6F675EA57AAB}.Debug|Any CPU.Build.0 = Debug|Any CPU
		{AE214D96-DB9E-4479-9B46-6F675EA57AAB}.Release|Any CPU.ActiveCfg = Release|Any CPU
		{AE214D96-DB9E-4479-9B46-6F675EA57AAB}.Release|Any CPU.Build.0 = Release|Any CPU
	EndGlobalSection
	GlobalSection(SolutionProperties) = preSolution
		HideSolutionNode = FALSE
	EndGlobalSection
	GlobalSection(ExtensibilityGlobals) = postSolution
		SolutionGuid = {EE01408D-7739-4B0F-A34D-F562180E944B}
	EndGlobalSection
EndGlobal
